
Microsoft Visual Studio Solution File, Format Version 12.00
# Visual Studio Version 16
VisualStudioVersion = 16.0.29102.190
MinimumVisualStudioVersion = 10.0.40219.1
Project("{FAE04EC0-301F-11D3-BF4B-00C04F79EFBC}") = "MobilePay", "MobilePay\MobilePay.csproj", "{AC92670C-4595-49D8-9155-4BD8E22F5961}"
EndProject
Project("{FAE04EC0-301F-11D3-BF4B-00C04F79EFBC}") = "MobilePay.Tests", "MobilePay.Tests\MobilePay.Tests.csproj", "{7F508B67-09D3-45C2-A5FC-2D328BCE3B7B}"
EndProject
Project("{FAE04EC0-301F-11D3-BF4B-00C04F79EFBC}") = "MobilePay.Prototype", "MobilePay.Prototype\MobilePay.Prototype.csproj", "{32326142-A2FA-471E-82A8-BAC6464436E5}"
EndProject
Project("{2150E333-8FDC-42A3-9474-1A3956D46DE8}") = "Solution Items", "Solution Items", "{9468411C-B6B0-48D1-8EF3-9897D8EEE4DB}"
	ProjectSection(SolutionItems) = preProject
		README.md = README.md
	EndProjectSection
EndProject
Global
	GlobalSection(SolutionConfigurationPlatforms) = preSolution
		Debug|Any CPU = Debug|Any CPU
		Release|Any CPU = Release|Any CPU
	EndGlobalSection
	GlobalSection(ProjectConfigurationPlatforms) = postSolution
		{AC92670C-4595-49D8-9155-4BD8E22F5961}.Debug|Any CPU.ActiveCfg = Debug|Any CPU
		{AC92670C-4595-49D8-9155-4BD8E22F5961}.Debug|Any CPU.Build.0 = Debug|Any CPU
		{AC92670C-4595-49D8-9155-4BD8E22F5961}.Release|Any CPU.ActiveCfg = Release|Any CPU
		{AC92670C-4595-49D8-9155-4BD8E22F5961}.Release|Any CPU.Build.0 = Release|Any CPU
		{7F508B67-09D3-45C2-A5FC-2D328BCE3B7B}.Debug|Any CPU.ActiveCfg = Debug|Any CPU
		{7F508B67-09D3-45C2-A5FC-2D328BCE3B7B}.Debug|Any CPU.Build.0 = Debug|Any CPU
		{7F508B67-09D3-45C2-A5FC-2D328BCE3B7B}.Release|Any CPU.ActiveCfg = Release|Any CPU
		{7F508B67-09D3-45C2-A5FC-2D328BCE3B7B}.Release|Any CPU.Build.0 = Release|Any CPU
		{32326142-A2FA-471E-82A8-BAC6464436E5}.Debug|Any CPU.ActiveCfg = Debug|Any CPU
		{32326142-A2FA-471E-82A8-BAC6464436E5}.Debug|Any CPU.Build.0 = Debug|Any CPU
		{32326142-A2FA-471E-82A8-BAC6464436E5}.Release|Any CPU.ActiveCfg = Release|Any CPU
		{32326142-A2FA-471E-82A8-BAC6464436E5}.Release|Any CPU.Build.0 = Release|Any CPU
	EndGlobalSection
	GlobalSection(SolutionProperties) = preSolution
		HideSolutionNode = FALSE
	EndGlobalSection
	GlobalSection(ExtensibilityGlobals) = postSolution
		SolutionGuid = {B5868125-5CA6-4EAA-A940-1397F3B4FE65}
	EndGlobalSection
EndGlobal
